// !$*UTF8*$!
{
	archiveVersion = 1;
	classes = {
	};
	objectVersion = 56;
	objects = {

/* Begin PBXBuildFile section */
		753DB1E92A911153004F138C /* HabitTrackingAppApp.swift in Sources */ = {isa = PBXBuildFile; fileRef = 753DB1E82A911153004F138C /* HabitTrackingAppApp.swift */; };
		753DB1ED2A911154004F138C /* Assets.xcassets in Resources */ = {isa = PBXBuildFile; fileRef = 753DB1EC2A911154004F138C /* Assets.xcassets */; };
		753DB1F02A911154004F138C /* Preview Assets.xcassets in Resources */ = {isa = PBXBuildFile; fileRef = 753DB1EF2A911154004F138C /* Preview Assets.xcassets */; };
		753DB1F72A91199E004F138C /* ActivityModel.swift in Sources */ = {isa = PBXBuildFile; fileRef = 753DB1F62A91199E004F138C /* ActivityModel.swift */; };
		753DB1FA2A911AAF004F138C /* ActivityViewModel.swift in Sources */ = {isa = PBXBuildFile; fileRef = 753DB1F92A911AAF004F138C /* ActivityViewModel.swift */; };
		753DB1FD2A911B51004F138C /* ActivitiesViews.swift in Sources */ = {isa = PBXBuildFile; fileRef = 753DB1FC2A911B51004F138C /* ActivitiesViews.swift */; };
		753DB2002A911F1A004F138C /* InfoView.swift in Sources */ = {isa = PBXBuildFile; fileRef = 753DB1FF2A911F1A004F138C /* InfoView.swift */; };
		753DB2022A912404004F138C /* AddView.swift in Sources */ = {isa = PBXBuildFile; fileRef = 753DB2012A912404004F138C /* AddView.swift */; };
/* End PBXBuildFile section */

/* Begin PBXFileReference section */
		753DB1E52A911153004F138C /* HabitTrackingApp.app */ = {isa = PBXFileReference; explicitFileType = wrapper.application; includeInIndex = 0; path = HabitTrackingApp.app; sourceTree = BUILT_PRODUCTS_DIR; };
		753DB1E82A911153004F138C /* HabitTrackingAppApp.swift */ = {isa = PBXFileReference; lastKnownFileType = sourcecode.swift; path = HabitTrackingAppApp.swift; sourceTree = "<group>"; };
		753DB1EC2A911154004F138C /* Assets.xcassets */ = {isa = PBXFileReference; lastKnownFileType = folder.assetcatalog; path = Assets.xcassets; sourceTree = "<group>"; };
		753DB1EF2A911154004F138C /* Preview Assets.xcassets */ = {isa = PBXFileReference; lastKnownFileType = folder.assetcatalog; path = "Preview Assets.xcassets"; sourceTree = "<group>"; };
		753DB1F62A91199E004F138C /* ActivityModel.swift */ = {isa = PBXFileReference; lastKnownFileType = sourcecode.swift; path = ActivityModel.swift; sourceTree = "<group>"; };
		753DB1F92A911AAF004F138C /* ActivityViewModel.swift */ = {isa = PBXFileReference; lastKnownFileType = sourcecode.swift; path = ActivityViewModel.swift; sourceTree = "<group>"; };
		753DB1FC2A911B51004F138C /* ActivitiesViews.swift */ = {isa = PBXFileReference; lastKnownFileType = sourcecode.swift; path = ActivitiesViews.swift; sourceTree = "<group>"; };
		753DB1FF2A911F1A004F138C /* InfoView.swift */ = {isa = PBXFileReference; lastKnownFileType = sourcecode.swift; path = InfoView.swift; sourceTree = "<group>"; };
		753DB2012A912404004F138C /* AddView.swift */ = {isa = PBXFileReference; lastKnownFileType = sourcecode.swift; path = AddView.swift; sourceTree = "<group>"; };
/* End PBXFileReference section */

/* Begin PBXFrameworksBuildPhase section */
		753DB1E22A911153004F138C /* Frameworks */ = {
			isa = PBXFrameworksBuildPhase;
			buildActionMask = 2147483647;
			files = (
			);
			runOnlyForDeploymentPostprocessing = 0;
		};
/* End PBXFrameworksBuildPhase section */

/* Begin PBXGroup section */
		753DB1DC2A911153004F138C = {
			isa = PBXGroup;
			children = (
				753DB1E72A911153004F138C /* HabitTrackingApp */,
				753DB1E62A911153004F138C /* Products */,
			);
			sourceTree = "<group>";
		};
		753DB1E62A911153004F138C /* Products */ = {
			isa = PBXGroup;
			children = (
				753DB1E52A911153004F138C /* HabitTrackingApp.app */,
			);
			name = Products;
			sourceTree = "<group>";
		};
		753DB1E72A911153004F138C /* HabitTrackingApp */ = {
			isa = PBXGroup;
			children = (
				753DB1E82A911153004F138C /* HabitTrackingAppApp.swift */,
				753DB1EC2A911154004F138C /* Assets.xcassets */,
				753DB1EE2A911154004F138C /* Preview Content */,
				753DB1F82A911A8D004F138C /* Model */,
				753DB1FB2A911ACA004F138C /* ViewModel */,
				753DB1FE2A911B5C004F138C /* Views */,
			);
			path = HabitTrackingApp;
			sourceTree = "<group>";
		};
		753DB1EE2A911154004F138C /* Preview Content */ = {
			isa = PBXGroup;
			children = (
				753DB1EF2A911154004F138C /* Preview Assets.xcassets */,
			);
			path = "Preview Content";
			sourceTree = "<group>";
		};
		753DB1F82A911A8D004F138C /* Model */ = {
			isa = PBXGroup;
			children = (
				753DB1F62A91199E004F138C /* ActivityModel.swift */,
			);
			path = Model;
			sourceTree = "<group>";
		};
		753DB1FB2A911ACA004F138C /* ViewModel */ = {
			isa = PBXGroup;
			children = (
				753DB1F92A911AAF004F138C /* ActivityViewModel.swift */,
			);
			path = ViewModel;
			sourceTree = "<group>";
		};
		753DB1FE2A911B5C004F138C /* Views */ = {
			isa = PBXGroup;
			children = (
				753DB1FC2A911B51004F138C /* ActivitiesViews.swift */,
				753DB1FF2A911F1A004F138C /* InfoView.swift */,
				753DB2012A912404004F138C /* AddView.swift */,
			);
			path = Views;
			sourceTree = "<group>";
		};
/* End PBXGroup section */

/* Begin PBXNativeTarget section */
		753DB1E42A911153004F138C /* HabitTrackingApp */ = {
			isa = PBXNativeTarget;
			buildConfigurationList = 753DB1F32A911154004F138C /* Build configuration list for PBXNativeTarget "HabitTrackingApp" */;
			buildPhases = (
				753DB1E12A911153004F138C /* Sources */,
				753DB1E22A911153004F138C /* Frameworks */,
				753DB1E32A911153004F138C /* Resources */,
			);
			buildRules = (
			);
			dependencies = (
			);
			name = HabitTrackingApp;
			productName = HabitTrackingApp;
			productReference = 753DB1E52A911153004F138C /* HabitTrackingApp.app */;
			productType = "com.apple.product-type.application";
		};
/* End PBXNativeTarget section */

/* Begin PBXProject section */
		753DB1DD2A911153004F138C /* Project object */ = {
			isa = PBXProject;
			attributes = {
				BuildIndependentTargetsInParallel = 1;
				LastSwiftUpdateCheck = 1410;
				LastUpgradeCheck = 1410;
				TargetAttributes = {
					753DB1E42A911153004F138C = {
						CreatedOnToolsVersion = 14.1;
					};
				};
			};
			buildConfigurationList = 753DB1E02A911153004F138C /* Build configuration list for PBXProject "HabitTrackingApp" */;
			compatibilityVersion = "Xcode 14.0";
			developmentRegion = en;
			hasScannedForEncodings = 0;
			knownRegions = (
				en,
				Base,
			);
			mainGroup = 753DB1DC2A911153004F138C;
			productRefGroup = 753DB1E62A911153004F138C /* Products */;
			projectDirPath = "";
			projectRoot = "";
			targets = (
				753DB1E42A911153004F138C /* HabitTrackingApp */,
			);
		};
/* End PBXProject section */

/* Begin PBXResourcesBuildPhase section */
		753DB1E32A911153004F138C /* Resources */ = {
			isa = PBXResourcesBuildPhase;
			buildActionMask = 2147483647;
			files = (
				753DB1F02A911154004F138C /* Preview Assets.xcassets in Resources */,
				753DB1ED2A911154004F138C /* Assets.xcassets in Resources */,
			);
			runOnlyForDeploymentPostprocessing = 0;
		};
/* End PBXResourcesBuildPhase section */

/* Begin PBXSourcesBuildPhase section */
		753DB1E12A911153004F138C /* Sources */ = {
			isa = PBXSourcesBuildPhase;
			buildActionMask = 2147483647;
			files = (
				753DB2022A912404004F138C /* AddView.swift in Sources */,
				753DB1E92A911153004F138C /* HabitTrackingAppApp.swift in Sources */,
				753DB1F72A91199E004F138C /* ActivityModel.swift in Sources */,
				753DB1FD2A911B51004F138C /* ActivitiesViews.swift in Sources */,
				753DB2002A911F1A004F138C /* InfoView.swift in Sources */,
				753DB1FA2A911AAF004F138C /* ActivityViewModel.swift in Sources */,
			);
			runOnlyForDeploymentPostprocessing = 0;
		};
/* End PBXSourcesBuildPhase section */

/* Begin XCBuildConfiguration section */
		753DB1F12A911154004F138C /* Debug */ = {
			isa = XCBuildConfiguration;
			buildSettings = {
				ALWAYS_SEARCH_USER_PATHS = NO;
				CLANG_ANALYZER_NONNULL = YES;
				CLANG_ANALYZER_NUMBER_OBJECT_CONVERSION = YES_AGGRESSIVE;
				CLANG_CXX_LANGUAGE_STANDARD = "gnu++20";
				CLANG_ENABLE_MODULES = YES;
				CLANG_ENABLE_OBJC_ARC = YES;
				CLANG_ENABLE_OBJC_WEAK = YES;
				CLANG_WARN_BLOCK_CAPTURE_AUTORELEASING = YES;
				CLANG_WARN_BOOL_CONVERSION = YES;
				CLANG_WARN_COMMA = YES;
				CLANG_WARN_CONSTANT_CONVERSION = YES;
				CLANG_WARN_DEPRECATED_OBJC_IMPLEMENTATIONS = YES;
				CLANG_WARN_DIRECT_OBJC_ISA_USAGE = YES_ERROR;
				CLANG_WARN_DOCUMENTATION_COMMENTS = YES;
				CLANG_WARN_EMPTY_BODY = YES;
				CLANG_WARN_ENUM_CONVERSION = YES;
				CLANG_WARN_INFINITE_RECURSION = YES;
				CLANG_WARN_INT_CONVERSION = YES;
				CLANG_WARN_NON_LITERAL_NULL_CONVERSION = YES;
				CLANG_WARN_OBJC_IMPLICIT_RETAIN_SELF = YES;
				CLANG_WARN_OBJC_LITERAL_CONVERSION = YES;
				CLANG_WARN_OBJC_ROOT_CLASS = YES_ERROR;
				CLANG_WARN_QUOTED_INCLUDE_IN_FRAMEWORK_HEADER = YES;
				CLANG_WARN_RANGE_LOOP_ANALYSIS = YES;
				CLANG_WARN_STRICT_PROTOTYPES = YES;
				CLANG_WARN_SUSPICIOUS_MOVE = YES;
				CLANG_WARN_UNGUARDED_AVAILABILITY = YES_AGGRESSIVE;
				CLANG_WARN_UNREACHABLE_CODE = YES;
				CLANG_WARN__DUPLICATE_METHOD_MATCH = YES;
				COPY_PHASE_STRIP = NO;
				DEBUG_INFORMATION_FORMAT = dwarf;
				ENABLE_STRICT_OBJC_MSGSEND = YES;
				ENABLE_TESTABILITY = YES;
				GCC_C_LANGUAGE_STANDARD = gnu11;
				GCC_DYNAMIC_NO_PIC = NO;
				GCC_NO_COMMON_BLOCKS = YES;
				GCC_OPTIMIZATION_LEVEL = 0;
				GCC_PREPROCESSOR_DEFINITIONS = (
					"DEBUG=1",
					"$(inherited)",
				);
				GCC_WARN_64_TO_32_BIT_CONVERSION = YES;
				GCC_WARN_ABOUT_RETURN_TYPE = YES_ERROR;
				GCC_WARN_UNDECLARED_SELECTOR = YES;
				GCC_WARN_UNINITIALIZED_AUTOS = YES_AGGRESSIVE;
				GCC_WARN_UNUSED_FUNCTION = YES;
				GCC_WARN_UNUSED_VARIABLE = YES;
				IPHONEOS_DEPLOYMENT_TARGET = 16.1;
				MTL_ENABLE_DEBUG_INFO = INCLUDE_SOURCE;
				MTL_FAST_MATH = YES;
				ONLY_ACTIVE_ARCH = YES;
				SDKROOT = iphoneos;
				SWIFT_ACTIVE_COMPILATION_CONDITIONS = DEBUG;
				SWIFT_OPTIMIZATION_LEVEL = "-Onone";
			};
			name = Debug;
		};
		753DB1F22A911154004F138C /* Release */ = {
			isa = XCBuildConfiguration;
			buildSettings = {
				ALWAYS_SEARCH_USER_PATHS = NO;
				CLANG_ANALYZER_NONNULL = YES;
				CLANG_ANALYZER_NUMBER_OBJECT_CONVERSION = YES_AGGRESSIVE;
				CLANG_CXX_LANGUAGE_STANDARD = "gnu++20";
				CLANG_ENABLE_MODULES = YES;
				CLANG_ENABLE_OBJC_ARC = YES;
				CLANG_ENABLE_OBJC_WEAK = YES;
				CLANG_WARN_BLOCK_CAPTURE_AUTORELEASING = YES;
				CLANG_WARN_BOOL_CONVERSION = YES;
				CLANG_WARN_COMMA = YES;
				CLANG_WARN_CONSTANT_CONVERSION = YES;
				CLANG_WARN_DEPRECATED_OBJC_IMPLEMENTATIONS = YES;
				CLANG_WARN_DIRECT_OBJC_ISA_USAGE = YES_ERROR;
				CLANG_WARN_DOCUMENTATION_COMMENTS = YES;
				CLANG_WARN_EMPTY_BODY = YES;
				CLANG_WARN_ENUM_CONVERSION = YES;
				CLANG_WARN_INFINITE_RECURSION = YES;
				CLANG_WARN_INT_CONVERSION = YES;
				CLANG_WARN_NON_LITERAL_NULL_CONVERSION = YES;
				CLANG_WARN_OBJC_IMPLICIT_RETAIN_SELF = YES;
				CLANG_WARN_OBJC_LITERAL_CONVERSION = YES;
				CLANG_WARN_OBJC_ROOT_CLASS = YES_ERROR;
				CLANG_WARN_QUOTED_INCLUDE_IN_FRAMEWORK_HEADER = YES;
				CLANG_WARN_RANGE_LOOP_ANALYSIS = YES;
				CLANG_WARN_STRICT_PROTOTYPES = YES;
				CLANG_WARN_SUSPICIOUS_MOVE = YES;
				CLANG_WARN_UNGUARDED_AVAILABILITY = YES_AGGRESSIVE;
				CLANG_WARN_UNREACHABLE_CODE = YES;
				CLANG_WARN__DUPLICATE_METHOD_MATCH = YES;
				COPY_PHASE_STRIP = NO;
				DEBUG_INFORMATION_FORMAT = "dwarf-with-dsym";
				ENABLE_NS_ASSERTIONS = NO;
				ENABLE_STRICT_OBJC_MSGSEND = YES;
				GCC_C_LANGUAGE_STANDARD = gnu11;
				GCC_NO_COMMON_BLOCKS = YES;
				GCC_WARN_64_TO_32_BIT_CONVERSION = YES;
				GCC_WARN_ABOUT_RETURN_TYPE = YES_ERROR;
				GCC_WARN_UNDECLARED_SELECTOR = YES;
				GCC_WARN_UNINITIALIZED_AUTOS = YES_AGGRESSIVE;
				GCC_WARN_UNUSED_FUNCTION = YES;
				GCC_WARN_UNUSED_VARIABLE = YES;
				IPHONEOS_DEPLOYMENT_TARGET = 16.1;
				MTL_ENABLE_DEBUG_INFO = NO;
				MTL_FAST_MATH = YES;
				SDKROOT = iphoneos;
				SWIFT_COMPILATION_MODE = wholemodule;
				SWIFT_OPTIMIZATION_LEVEL = "-O";
				VALIDATE_PRODUCT = YES;
			};
			name = Release;
		};
		753DB1F42A911154004F138C /* Debug */ = {
			isa = XCBuildConfiguration;
			buildSettings = {
				ASSETCATALOG_COMPILER_APPICON_NAME = AppIcon;
				ASSETCATALOG_COMPILER_GLOBAL_ACCENT_COLOR_NAME = AccentColor;
				CODE_SIGN_STYLE = Automatic;
				CURRENT_PROJECT_VERSION = 1;
				DEVELOPMENT_ASSET_PATHS = "\"HabitTrackingApp/Preview Content\"";
				DEVELOPMENT_TEAM = M87C32M9C3;
				ENABLE_PREVIEWS = YES;
				GENERATE_INFOPLIST_FILE = YES;
				INFOPLIST_KEY_UIApplicationSceneManifest_Generation = YES;
				INFOPLIST_KEY_UIApplicationSupportsIndirectInputEvents = YES;
				INFOPLIST_KEY_UILaunchScreen_Generation = YES;
				INFOPLIST_KEY_UISupportedInterfaceOrientations_iPad = "UIInterfaceOrientationPortrait UIInterfaceOrientationPortraitUpsideDown UIInterfaceOrientationLandscapeLeft UIInterfaceOrientationLandscapeRight";
				INFOPLIST_KEY_UISupportedInterfaceOrientations_iPhone = "UIInterfaceOrientationPortrait UIInterfaceOrientationLandscapeLeft UIInterfaceOrientationLandscapeRight";
				LD_RUNPATH_SEARCH_PATHS = (
					"$(inherited)",
					"@executable_path/Frameworks",
				);
				MARKETING_VERSION = 1.0;
				PRODUCT_BUNDLE_IDENTIFIER = com.tacarlen.HabitTrackingApp;
				PRODUCT_NAME = "$(TARGET_NAME)";
				SWIFT_EMIT_LOC_STRINGS = YES;
				SWIFT_VERSION = 5.0;
				TARGETED_DEVICE_FAMILY = "1,2";
			};
			name = Debug;
		};
		753DB1F52A911154004F138C /* Release */ = {
			isa = XCBuildConfiguration;
			buildSettings = {
				ASSETCATALOG_COMPILER_APPICON_NAME = AppIcon;
				ASSETCATALOG_COMPILER_GLOBAL_ACCENT_COLOR_NAME = AccentColor;
				CODE_SIGN_STYLE = Automatic;
				CURRENT_PROJECT_VERSION = 1;
				DEVELOPMENT_ASSET_PATHS = "\"HabitTrackingApp/Preview Content\"";
				DEVELOPMENT_TEAM = M87C32M9C3;
				ENABLE_PREVIEWS = YES;
				GENERATE_INFOPLIST_FILE = YES;
				INFOPLIST_KEY_UIApplicationSceneManifest_Generation = YES;
				INFOPLIST_KEY_UIApplicationSupportsIndirectInputEvents = YES;
				INFOPLIST_KEY_UILaunchScreen_Generation = YES;
				INFOPLIST_KEY_UISupportedInterfaceOrientations_iPad = "UIInterfaceOrientationPortrait UIInterfaceOrientationPortraitUpsideDown UIInterfaceOrientationLandscapeLeft UIInterfaceOrientationLandscapeRight";
				INFOPLIST_KEY_UISupportedInterfaceOrientations_iPhone = "UIInterfaceOrientationPortrait UIInterfaceOrientationLandscapeLeft UIInterfaceOrientationLandscapeRight";
				LD_RUNPATH_SEARCH_PATHS = (
					"$(inherited)",
					"@executable_path/Frameworks",
				);
				MARKETING_VERSION = 1.0;
				PRODUCT_BUNDLE_IDENTIFIER = com.tacarlen.HabitTrackingApp;
				PRODUCT_NAME = "$(TARGET_NAME)";
				SWIFT_EMIT_LOC_STRINGS = YES;
				SWIFT_VERSION = 5.0;
				TARGETED_DEVICE_FAMILY = "1,2";
			};
			name = Release;
		};
/* End XCBuildConfiguration section */

/* Begin XCConfigurationList section */
		753DB1E02A911153004F138C /* Build configuration list for PBXProject "HabitTrackingApp" */ = {
			isa = XCConfigurationList;
			buildConfigurations = (
				753DB1F12A911154004F138C /* Debug */,
				753DB1F22A911154004F138C /* Release */,
			);
			defaultConfigurationIsVisible = 0;
			defaultConfigurationName = Release;
		};
		753DB1F32A911154004F138C /* Build configuration list for PBXNativeTarget "HabitTrackingApp" */ = {
			isa = XCConfigurationList;
			buildConfigurations = (
				753DB1F42A911154004F138C /* Debug */,
				753DB1F52A911154004F138C /* Release */,
			);
			defaultConfigurationIsVisible = 0;
			defaultConfigurationName = Release;
		};
/* End XCConfigurationList section */
	};
	rootObject = 753DB1DD2A911153004F138C /* Project object */;
}
