// !$*UTF8*$!
{
	archiveVersion = 1;
	classes = {
	};
	objectVersion = 56;
	objects = {

/* Begin PBXBuildFile section */
		75D0D7A92AB7476A00E513CD /* FriendFaceApp.swift in Sources */ = {isa = PBXBuildFile; fileRef = 75D0D7A82AB7476A00E513CD /* FriendFaceApp.swift */; };
		75D0D7AB2AB7476A00E513CD /* ContentView.swift in Sources */ = {isa = PBXBuildFile; fileRef = 75D0D7AA2AB7476A00E513CD /* ContentView.swift */; };
		75D0D7AD2AB7476C00E513CD /* Assets.xcassets in Resources */ = {isa = PBXBuildFile; fileRef = 75D0D7AC2AB7476C00E513CD /* Assets.xcassets */; };
		75D0D7B02AB7476C00E513CD /* Preview Assets.xcassets in Resources */ = {isa = PBXBuildFile; fileRef = 75D0D7AF2AB7476C00E513CD /* Preview Assets.xcassets */; };
		75D0D7B72AB7477B00E513CD /* User.swift in Sources */ = {isa = PBXBuildFile; fileRef = 75D0D7B62AB7477B00E513CD /* User.swift */; };
		75D0D7B92AB7481900E513CD /* Friend.swift in Sources */ = {isa = PBXBuildFile; fileRef = 75D0D7B82AB7481900E513CD /* Friend.swift */; };
		75D0D7BC2AB748AF00E513CD /* FriendFace.xcdatamodeld in Sources */ = {isa = PBXBuildFile; fileRef = 75D0D7BA2AB748AF00E513CD /* FriendFace.xcdatamodeld */; };
		75D0D7BE2AB7490600E513CD /* DataController.swift in Sources */ = {isa = PBXBuildFile; fileRef = 75D0D7BD2AB7490600E513CD /* DataController.swift */; };
		75D0D7C32AB749B000E513CD /* APICaller.swift in Sources */ = {isa = PBXBuildFile; fileRef = 75D0D7C22AB749B000E513CD /* APICaller.swift */; };
		75D0D7C52AB74B0500E513CD /* UserViewModel.swift in Sources */ = {isa = PBXBuildFile; fileRef = 75D0D7C42AB74B0500E513CD /* UserViewModel.swift */; };
		75D0D7C92AB74F1300E513CD /* UserView.swift in Sources */ = {isa = PBXBuildFile; fileRef = 75D0D7C82AB74F1300E513CD /* UserView.swift */; };
/* End PBXBuildFile section */

/* Begin PBXFileReference section */
		75D0D7A52AB7476A00E513CD /* FriendFace.app */ = {isa = PBXFileReference; explicitFileType = wrapper.application; includeInIndex = 0; path = FriendFace.app; sourceTree = BUILT_PRODUCTS_DIR; };
		75D0D7A82AB7476A00E513CD /* FriendFaceApp.swift */ = {isa = PBXFileReference; lastKnownFileType = sourcecode.swift; path = FriendFaceApp.swift; sourceTree = "<group>"; };
		75D0D7AA2AB7476A00E513CD /* ContentView.swift */ = {isa = PBXFileReference; lastKnownFileType = sourcecode.swift; path = ContentView.swift; sourceTree = "<group>"; };
		75D0D7AC2AB7476C00E513CD /* Assets.xcassets */ = {isa = PBXFileReference; lastKnownFileType = folder.assetcatalog; path = Assets.xcassets; sourceTree = "<group>"; };
		75D0D7AF2AB7476C00E513CD /* Preview Assets.xcassets */ = {isa = PBXFileReference; lastKnownFileType = folder.assetcatalog; path = "Preview Assets.xcassets"; sourceTree = "<group>"; };
		75D0D7B62AB7477B00E513CD /* User.swift */ = {isa = PBXFileReference; lastKnownFileType = sourcecode.swift; path = User.swift; sourceTree = "<group>"; };
		75D0D7B82AB7481900E513CD /* Friend.swift */ = {isa = PBXFileReference; lastKnownFileType = sourcecode.swift; path = Friend.swift; sourceTree = "<group>"; };
		75D0D7BB2AB748AF00E513CD /* FriendFace.xcdatamodel */ = {isa = PBXFileReference; lastKnownFileType = wrapper.xcdatamodel; path = FriendFace.xcdatamodel; sourceTree = "<group>"; };
		75D0D7BD2AB7490600E513CD /* DataController.swift */ = {isa = PBXFileReference; lastKnownFileType = sourcecode.swift; path = DataController.swift; sourceTree = "<group>"; };
		75D0D7C22AB749B000E513CD /* APICaller.swift */ = {isa = PBXFileReference; lastKnownFileType = sourcecode.swift; path = APICaller.swift; sourceTree = "<group>"; };
		75D0D7C42AB74B0500E513CD /* UserViewModel.swift */ = {isa = PBXFileReference; lastKnownFileType = sourcecode.swift; path = UserViewModel.swift; sourceTree = "<group>"; };
		75D0D7C82AB74F1300E513CD /* UserView.swift */ = {isa = PBXFileReference; lastKnownFileType = sourcecode.swift; path = UserView.swift; sourceTree = "<group>"; };
/* End PBXFileReference section */

/* Begin PBXFrameworksBuildPhase section */
		75D0D7A22AB7476A00E513CD /* Frameworks */ = {
			isa = PBXFrameworksBuildPhase;
			buildActionMask = 2147483647;
			files = (
			);
			runOnlyForDeploymentPostprocessing = 0;
		};
/* End PBXFrameworksBuildPhase section */

/* Begin PBXGroup section */
		75D0D79C2AB7476A00E513CD = {
			isa = PBXGroup;
			children = (
				75D0D7A72AB7476A00E513CD /* FriendFace */,
				75D0D7A62AB7476A00E513CD /* Products */,
			);
			sourceTree = "<group>";
		};
		75D0D7A62AB7476A00E513CD /* Products */ = {
			isa = PBXGroup;
			children = (
				75D0D7A52AB7476A00E513CD /* FriendFace.app */,
			);
			name = Products;
			sourceTree = "<group>";
		};
		75D0D7A72AB7476A00E513CD /* FriendFace */ = {
			isa = PBXGroup;
			children = (
				75D0D7A82AB7476A00E513CD /* FriendFaceApp.swift */,
				75D0D7C02AB7498F00E513CD /* ViewModel */,
				75D0D7C12AB749A000E513CD /* View */,
				75D0D7BF2AB7497E00E513CD /* Model */,
				75D0D7C22AB749B000E513CD /* APICaller.swift */,
				75D0D7AC2AB7476C00E513CD /* Assets.xcassets */,
				75D0D7AE2AB7476C00E513CD /* Preview Content */,
			);
			path = FriendFace;
			sourceTree = "<group>";
		};
		75D0D7AE2AB7476C00E513CD /* Preview Content */ = {
			isa = PBXGroup;
			children = (
				75D0D7AF2AB7476C00E513CD /* Preview Assets.xcassets */,
			);
			path = "Preview Content";
			sourceTree = "<group>";
		};
		75D0D7BF2AB7497E00E513CD /* Model */ = {
			isa = PBXGroup;
			children = (
				75D0D7BA2AB748AF00E513CD /* FriendFace.xcdatamodeld */,
				75D0D7B62AB7477B00E513CD /* User.swift */,
				75D0D7B82AB7481900E513CD /* Friend.swift */,
			);
			path = Model;
			sourceTree = "<group>";
		};
		75D0D7C02AB7498F00E513CD /* ViewModel */ = {
			isa = PBXGroup;
			children = (
				75D0D7BD2AB7490600E513CD /* DataController.swift */,
				75D0D7C42AB74B0500E513CD /* UserViewModel.swift */,
			);
			path = ViewModel;
			sourceTree = "<group>";
		};
		75D0D7C12AB749A000E513CD /* View */ = {
			isa = PBXGroup;
			children = (
				75D0D7AA2AB7476A00E513CD /* ContentView.swift */,
				75D0D7C82AB74F1300E513CD /* UserView.swift */,
			);
			path = View;
			sourceTree = "<group>";
		};
/* End PBXGroup section */

/* Begin PBXNativeTarget section */
		75D0D7A42AB7476A00E513CD /* FriendFace */ = {
			isa = PBXNativeTarget;
			buildConfigurationList = 75D0D7B32AB7476C00E513CD /* Build configuration list for PBXNativeTarget "FriendFace" */;
			buildPhases = (
				75D0D7A12AB7476A00E513CD /* Sources */,
				75D0D7A22AB7476A00E513CD /* Frameworks */,
				75D0D7A32AB7476A00E513CD /* Resources */,
			);
			buildRules = (
			);
			dependencies = (
			);
			name = FriendFace;
			productName = FriendFace;
			productReference = 75D0D7A52AB7476A00E513CD /* FriendFace.app */;
			productType = "com.apple.product-type.application";
		};
/* End PBXNativeTarget section */

/* Begin PBXProject section */
		75D0D79D2AB7476A00E513CD /* Project object */ = {
			isa = PBXProject;
			attributes = {
				BuildIndependentTargetsInParallel = 1;
				LastSwiftUpdateCheck = 1410;
				LastUpgradeCheck = 1410;
				TargetAttributes = {
					75D0D7A42AB7476A00E513CD = {
						CreatedOnToolsVersion = 14.1;
					};
				};
			};
			buildConfigurationList = 75D0D7A02AB7476A00E513CD /* Build configuration list for PBXProject "FriendFace" */;
			compatibilityVersion = "Xcode 14.0";
			developmentRegion = en;
			hasScannedForEncodings = 0;
			knownRegions = (
				en,
				Base,
			);
			mainGroup = 75D0D79C2AB7476A00E513CD;
			productRefGroup = 75D0D7A62AB7476A00E513CD /* Products */;
			projectDirPath = "";
			projectRoot = "";
			targets = (
				75D0D7A42AB7476A00E513CD /* FriendFace */,
			);
		};
/* End PBXProject section */

/* Begin PBXResourcesBuildPhase section */
		75D0D7A32AB7476A00E513CD /* Resources */ = {
			isa = PBXResourcesBuildPhase;
			buildActionMask = 2147483647;
			files = (
				75D0D7B02AB7476C00E513CD /* Preview Assets.xcassets in Resources */,
				75D0D7AD2AB7476C00E513CD /* Assets.xcassets in Resources */,
			);
			runOnlyForDeploymentPostprocessing = 0;
		};
/* End PBXResourcesBuildPhase section */

/* Begin PBXSourcesBuildPhase section */
		75D0D7A12AB7476A00E513CD /* Sources */ = {
			isa = PBXSourcesBuildPhase;
			buildActionMask = 2147483647;
			files = (
				75D0D7AB2AB7476A00E513CD /* ContentView.swift in Sources */,
				75D0D7C52AB74B0500E513CD /* UserViewModel.swift in Sources */,
				75D0D7BE2AB7490600E513CD /* DataController.swift in Sources */,
				75D0D7A92AB7476A00E513CD /* FriendFaceApp.swift in Sources */,
				75D0D7C32AB749B000E513CD /* APICaller.swift in Sources */,
				75D0D7B72AB7477B00E513CD /* User.swift in Sources */,
				75D0D7BC2AB748AF00E513CD /* FriendFace.xcdatamodeld in Sources */,
				75D0D7C92AB74F1300E513CD /* UserView.swift in Sources */,
				75D0D7B92AB7481900E513CD /* Friend.swift in Sources */,
			);
			runOnlyForDeploymentPostprocessing = 0;
		};
/* End PBXSourcesBuildPhase section */

/* Begin XCBuildConfiguration section */
		75D0D7B12AB7476C00E513CD /* Debug */ = {
			isa = XCBuildConfiguration;
			buildSettings = {
				ALWAYS_SEARCH_USER_PATHS = NO;
				CLANG_ANALYZER_NONNULL = YES;
				CLANG_ANALYZER_NUMBER_OBJECT_CONVERSION = YES_AGGRESSIVE;
				CLANG_CXX_LANGUAGE_STANDARD = "gnu++20";
				CLANG_ENABLE_MODULES = YES;
				CLANG_ENABLE_OBJC_ARC = YES;
				CLANG_ENABLE_OBJC_WEAK = YES;
				CLANG_WARN_BLOCK_CAPTURE_AUTORELEASING = YES;
				CLANG_WARN_BOOL_CONVERSION = YES;
				CLANG_WARN_COMMA = YES;
				CLANG_WARN_CONSTANT_CONVERSION = YES;
				CLANG_WARN_DEPRECATED_OBJC_IMPLEMENTATIONS = YES;
				CLANG_WARN_DIRECT_OBJC_ISA_USAGE = YES_ERROR;
				CLANG_WARN_DOCUMENTATION_COMMENTS = YES;
				CLANG_WARN_EMPTY_BODY = YES;
				CLANG_WARN_ENUM_CONVERSION = YES;
				CLANG_WARN_INFINITE_RECURSION = YES;
				CLANG_WARN_INT_CONVERSION = YES;
				CLANG_WARN_NON_LITERAL_NULL_CONVERSION = YES;
				CLANG_WARN_OBJC_IMPLICIT_RETAIN_SELF = YES;
				CLANG_WARN_OBJC_LITERAL_CONVERSION = YES;
				CLANG_WARN_OBJC_ROOT_CLASS = YES_ERROR;
				CLANG_WARN_QUOTED_INCLUDE_IN_FRAMEWORK_HEADER = YES;
				CLANG_WARN_RANGE_LOOP_ANALYSIS = YES;
				CLANG_WARN_STRICT_PROTOTYPES = YES;
				CLANG_WARN_SUSPICIOUS_MOVE = YES;
				CLANG_WARN_UNGUARDED_AVAILABILITY = YES_AGGRESSIVE;
				CLANG_WARN_UNREACHABLE_CODE = YES;
				CLANG_WARN__DUPLICATE_METHOD_MATCH = YES;
				COPY_PHASE_STRIP = NO;
				DEBUG_INFORMATION_FORMAT = dwarf;
				ENABLE_STRICT_OBJC_MSGSEND = YES;
				ENABLE_TESTABILITY = YES;
				GCC_C_LANGUAGE_STANDARD = gnu11;
				GCC_DYNAMIC_NO_PIC = NO;
				GCC_NO_COMMON_BLOCKS = YES;
				GCC_OPTIMIZATION_LEVEL = 0;
				GCC_PREPROCESSOR_DEFINITIONS = (
					"DEBUG=1",
					"$(inherited)",
				);
				GCC_WARN_64_TO_32_BIT_CONVERSION = YES;
				GCC_WARN_ABOUT_RETURN_TYPE = YES_ERROR;
				GCC_WARN_UNDECLARED_SELECTOR = YES;
				GCC_WARN_UNINITIALIZED_AUTOS = YES_AGGRESSIVE;
				GCC_WARN_UNUSED_FUNCTION = YES;
				GCC_WARN_UNUSED_VARIABLE = YES;
				IPHONEOS_DEPLOYMENT_TARGET = 16.1;
				MTL_ENABLE_DEBUG_INFO = INCLUDE_SOURCE;
				MTL_FAST_MATH = YES;
				ONLY_ACTIVE_ARCH = YES;
				SDKROOT = iphoneos;
				SWIFT_ACTIVE_COMPILATION_CONDITIONS = DEBUG;
				SWIFT_OPTIMIZATION_LEVEL = "-Onone";
			};
			name = Debug;
		};
		75D0D7B22AB7476C00E513CD /* Release */ = {
			isa = XCBuildConfiguration;
			buildSettings = {
				ALWAYS_SEARCH_USER_PATHS = NO;
				CLANG_ANALYZER_NONNULL = YES;
				CLANG_ANALYZER_NUMBER_OBJECT_CONVERSION = YES_AGGRESSIVE;
				CLANG_CXX_LANGUAGE_STANDARD = "gnu++20";
				CLANG_ENABLE_MODULES = YES;
				CLANG_ENABLE_OBJC_ARC = YES;
				CLANG_ENABLE_OBJC_WEAK = YES;
				CLANG_WARN_BLOCK_CAPTURE_AUTORELEASING = YES;
				CLANG_WARN_BOOL_CONVERSION = YES;
				CLANG_WARN_COMMA = YES;
				CLANG_WARN_CONSTANT_CONVERSION = YES;
				CLANG_WARN_DEPRECATED_OBJC_IMPLEMENTATIONS = YES;
				CLANG_WARN_DIRECT_OBJC_ISA_USAGE = YES_ERROR;
				CLANG_WARN_DOCUMENTATION_COMMENTS = YES;
				CLANG_WARN_EMPTY_BODY = YES;
				CLANG_WARN_ENUM_CONVERSION = YES;
				CLANG_WARN_INFINITE_RECURSION = YES;
				CLANG_WARN_INT_CONVERSION = YES;
				CLANG_WARN_NON_LITERAL_NULL_CONVERSION = YES;
				CLANG_WARN_OBJC_IMPLICIT_RETAIN_SELF = YES;
				CLANG_WARN_OBJC_LITERAL_CONVERSION = YES;
				CLANG_WARN_OBJC_ROOT_CLASS = YES_ERROR;
				CLANG_WARN_QUOTED_INCLUDE_IN_FRAMEWORK_HEADER = YES;
				CLANG_WARN_RANGE_LOOP_ANALYSIS = YES;
				CLANG_WARN_STRICT_PROTOTYPES = YES;
				CLANG_WARN_SUSPICIOUS_MOVE = YES;
				CLANG_WARN_UNGUARDED_AVAILABILITY = YES_AGGRESSIVE;
				CLANG_WARN_UNREACHABLE_CODE = YES;
				CLANG_WARN__DUPLICATE_METHOD_MATCH = YES;
				COPY_PHASE_STRIP = NO;
				DEBUG_INFORMATION_FORMAT = "dwarf-with-dsym";
				ENABLE_NS_ASSERTIONS = NO;
				ENABLE_STRICT_OBJC_MSGSEND = YES;
				GCC_C_LANGUAGE_STANDARD = gnu11;
				GCC_NO_COMMON_BLOCKS = YES;
				GCC_WARN_64_TO_32_BIT_CONVERSION = YES;
				GCC_WARN_ABOUT_RETURN_TYPE = YES_ERROR;
				GCC_WARN_UNDECLARED_SELECTOR = YES;
				GCC_WARN_UNINITIALIZED_AUTOS = YES_AGGRESSIVE;
				GCC_WARN_UNUSED_FUNCTION = YES;
				GCC_WARN_UNUSED_VARIABLE = YES;
				IPHONEOS_DEPLOYMENT_TARGET = 16.1;
				MTL_ENABLE_DEBUG_INFO = NO;
				MTL_FAST_MATH = YES;
				SDKROOT = iphoneos;
				SWIFT_COMPILATION_MODE = wholemodule;
				SWIFT_OPTIMIZATION_LEVEL = "-O";
				VALIDATE_PRODUCT = YES;
			};
			name = Release;
		};
		75D0D7B42AB7476C00E513CD /* Debug */ = {
			isa = XCBuildConfiguration;
			buildSettings = {
				ASSETCATALOG_COMPILER_APPICON_NAME = AppIcon;
				ASSETCATALOG_COMPILER_GLOBAL_ACCENT_COLOR_NAME = AccentColor;
				CODE_SIGN_STYLE = Automatic;
				CURRENT_PROJECT_VERSION = 1;
				DEVELOPMENT_ASSET_PATHS = "\"FriendFace/Preview Content\"";
				DEVELOPMENT_TEAM = M87C32M9C3;
				ENABLE_PREVIEWS = YES;
				GENERATE_INFOPLIST_FILE = YES;
				INFOPLIST_KEY_UIApplicationSceneManifest_Generation = YES;
				INFOPLIST_KEY_UIApplicationSupportsIndirectInputEvents = YES;
				INFOPLIST_KEY_UILaunchScreen_Generation = YES;
				INFOPLIST_KEY_UISupportedInterfaceOrientations_iPad = "UIInterfaceOrientationPortrait UIInterfaceOrientationPortraitUpsideDown UIInterfaceOrientationLandscapeLeft UIInterfaceOrientationLandscapeRight";
				INFOPLIST_KEY_UISupportedInterfaceOrientations_iPhone = "UIInterfaceOrientationPortrait UIInterfaceOrientationLandscapeLeft UIInterfaceOrientationLandscapeRight";
				LD_RUNPATH_SEARCH_PATHS = (
					"$(inherited)",
					"@executable_path/Frameworks",
				);
				MARKETING_VERSION = 1.0;
				PRODUCT_BUNDLE_IDENTIFIER = com.tacarlen.FriendFace;
				PRODUCT_NAME = "$(TARGET_NAME)";
				SWIFT_EMIT_LOC_STRINGS = YES;
				SWIFT_VERSION = 5.0;
				TARGETED_DEVICE_FAMILY = "1,2";
			};
			name = Debug;
		};
		75D0D7B52AB7476C00E513CD /* Release */ = {
			isa = XCBuildConfiguration;
			buildSettings = {
				ASSETCATALOG_COMPILER_APPICON_NAME = AppIcon;
				ASSETCATALOG_COMPILER_GLOBAL_ACCENT_COLOR_NAME = AccentColor;
				CODE_SIGN_STYLE = Automatic;
				CURRENT_PROJECT_VERSION = 1;
				DEVELOPMENT_ASSET_PATHS = "\"FriendFace/Preview Content\"";
				DEVELOPMENT_TEAM = M87C32M9C3;
				ENABLE_PREVIEWS = YES;
				GENERATE_INFOPLIST_FILE = YES;
				INFOPLIST_KEY_UIApplicationSceneManifest_Generation = YES;
				INFOPLIST_KEY_UIApplicationSupportsIndirectInputEvents = YES;
				INFOPLIST_KEY_UILaunchScreen_Generation = YES;
				INFOPLIST_KEY_UISupportedInterfaceOrientations_iPad = "UIInterfaceOrientationPortrait UIInterfaceOrientationPortraitUpsideDown UIInterfaceOrientationLandscapeLeft UIInterfaceOrientationLandscapeRight";
				INFOPLIST_KEY_UISupportedInterfaceOrientations_iPhone = "UIInterfaceOrientationPortrait UIInterfaceOrientationLandscapeLeft UIInterfaceOrientationLandscapeRight";
				LD_RUNPATH_SEARCH_PATHS = (
					"$(inherited)",
					"@executable_path/Frameworks",
				);
				MARKETING_VERSION = 1.0;
				PRODUCT_BUNDLE_IDENTIFIER = com.tacarlen.FriendFace;
				PRODUCT_NAME = "$(TARGET_NAME)";
				SWIFT_EMIT_LOC_STRINGS = YES;
				SWIFT_VERSION = 5.0;
				TARGETED_DEVICE_FAMILY = "1,2";
			};
			name = Release;
		};
/* End XCBuildConfiguration section */

/* Begin XCConfigurationList section */
		75D0D7A02AB7476A00E513CD /* Build configuration list for PBXProject "FriendFace" */ = {
			isa = XCConfigurationList;
			buildConfigurations = (
				75D0D7B12AB7476C00E513CD /* Debug */,
				75D0D7B22AB7476C00E513CD /* Release */,
			);
			defaultConfigurationIsVisible = 0;
			defaultConfigurationName = Release;
		};
		75D0D7B32AB7476C00E513CD /* Build configuration list for PBXNativeTarget "FriendFace" */ = {
			isa = XCConfigurationList;
			buildConfigurations = (
				75D0D7B42AB7476C00E513CD /* Debug */,
				75D0D7B52AB7476C00E513CD /* Release */,
			);
			defaultConfigurationIsVisible = 0;
			defaultConfigurationName = Release;
		};
/* End XCConfigurationList section */

/* Begin XCVersionGroup section */
		75D0D7BA2AB748AF00E513CD /* FriendFace.xcdatamodeld */ = {
			isa = XCVersionGroup;
			children = (
				75D0D7BB2AB748AF00E513CD /* FriendFace.xcdatamodel */,
			);
			currentVersion = 75D0D7BB2AB748AF00E513CD /* FriendFace.xcdatamodel */;
			path = FriendFace.xcdatamodeld;
			sourceTree = "<group>";
			versionGroupType = wrapper.xcdatamodel;
		};
/* End XCVersionGroup section */
	};
	rootObject = 75D0D79D2AB7476A00E513CD /* Project object */;
}
